Microsoft Visual Studio Solution File, Format Version 11.00
# Visual Studio 2008

Project("{713D1A33-F331-AACA-2E5F-5587C5FFF5F8}") = "gyarb-Unity", "Assembly-CSharp.csproj", "{400A61F3-479D-A07E-D92B-BF30A955F043}"
EndProject
Global
	GlobalSection(SolutionConfigurationPlatforms) = preSolution
		Debug|Any CPU = Debug|Any CPU
		Release|Any CPU = Release|Any CPU
	EndGlobalSection
	GlobalSection(ProjectConfigurationPlatforms) = postSolution
		{400A61F3-479D-A07E-D92B-BF30A955F043}.Debug|Any CPU.ActiveCfg = Debug|Any CPU
		{400A61F3-479D-A07E-D92B-BF30A955F043}.Debug|Any CPU.Build.0 = Debug|Any CPU
		{400A61F3-479D-A07E-D92B-BF30A955F043}.Release|Any CPU.ActiveCfg = Release|Any CPU
		{400A61F3-479D-A07E-D92B-BF30A955F043}.Release|Any CPU.Build.0 = Release|Any CPU
	EndGlobalSection
	GlobalSection(SolutionProperties) = preSolution
		HideSolutionNode = FALSE
	EndGlobalSection
	GlobalSection(MonoDevelopProperties) = preSolution
		StartupItem = Assembly-CSharp.csproj
	EndGlobalSection
EndGlobal
